
Microsoft Visual Studio Solution File, Format Version 12.00
# Visual Studio Version 18
VisualStudioVersion = 18.6.11819.183
MinimumVisualStudioVersion = 10.0.40219.1
Project("{FAE04EC0-301F-11D3-BF4B-00C04F79EFBC}") = "WindInference.Api", "WindInference.Api.csproj", "{0E5E1F67-C234-1D17-8EB2-CBF28EEC28F3}"
EndProject
Project("{FAE04EC0-301F-11D3-BF4B-00C04F79EFBC}") = "WindInference.Api.Tests", "..\WindInference.Api.Tests\WindInference.Api.Tests.csproj", "{72CBCFB1-FE63-4142-9CFB-2D150075FBE6}"
EndProject
Global
	GlobalSection(SolutionConfigurationPlatforms) = preSolution
		Debug|Any CPU = Debug|Any CPU
		Debug|x64 = Debug|x64
		Debug|x86 = Debug|x86
		Release|Any CPU = Release|Any CPU
		Release|x64 = Release|x64
		Release|x86 = Release|x86
	EndGlobalSection
	GlobalSection(ProjectConfigurationPlatforms) = postSolution
		{0E5E1F67-C234-1D17-8EB2-CBF28EEC28F3}.Debug|Any CPU.ActiveCfg = Debug|Any CPU
		{0E5E1F67-C234-1D17-8EB2-CBF28EEC28F3}.Debug|Any CPU.Build.0 = Debug|Any CPU
		{0E5E1F67-C234-1D17-8EB2-CBF28EEC28F3}.Debug|x64.ActiveCfg = Debug|Any CPU
		{0E5E1F67-C234-1D17-8EB2-CBF28EEC28F3}.Debug|x64.Build.0 = Debug|Any CPU
		{0E5E1F67-C234-1D17-8EB2-CBF28EEC28F3}.Debug|x86.ActiveCfg = Debug|Any CPU
		{0E5E1F67-C234-1D17-8EB2-CBF28EEC28F3}.Debug|x86.Build.0 = Debug|Any CPU
		{0E5E1F67-C234-1D17-8EB2-CBF28EEC28F3}.Release|Any CPU.ActiveCfg = Release|Any CPU
		{0E5E1F67-C234-1D17-8EB2-CBF28EEC28F3}.Release|Any CPU.Build.0 = Release|Any CPU
		{0E5E1F67-C234-1D17-8EB2-CBF28EEC28F3}.Release|x64.ActiveCfg = Release|Any CPU
		{0E5E1F67-C234-1D17-8EB2-CBF28EEC28F3}.Release|x64.Build.0 = Release|Any CPU
		{0E5E1F67-C234-1D17-8EB2-CBF28EEC28F3}.Release|x86.ActiveCfg = Release|Any CPU
		{0E5E1F67-C234-1D17-8EB2-CBF28EEC28F3}.Release|x86.Build.0 = Release|Any CPU
		{72CBCFB1-FE63-4142-9CFB-2D150075FBE6}.Debug|Any CPU.ActiveCfg = Debug|Any CPU
		{72CBCFB1-FE63-4142-9CFB-2D150075FBE6}.Debug|Any CPU.Build.0 = Debug|Any CPU
		{72CBCFB1-FE63-4142-9CFB-2D150075FBE6}.Debug|x64.ActiveCfg = Debug|Any CPU
		{72CBCFB1-FE63-4142-9CFB-2D150075FBE6}.Debug|x64.Build.0 = Debug|Any CPU
		{72CBCFB1-FE63-4142-9CFB-2D150075FBE6}.Debug|x86.ActiveCfg = Debug|Any CPU
		{72CBCFB1-FE63-4142-9CFB-2D150075FBE6}.Debug|x86.Build.0 = Debug|Any CPU
		{72CBCFB1-FE63-4142-9CFB-2D150075FBE6}.Release|Any CPU.ActiveCfg = Release|Any CPU
		{72CBCFB1-FE63-4142-9CFB-2D150075FBE6}.Release|Any CPU.Build.0 = Release|Any CPU
		{72CBCFB1-FE63-4142-9CFB-2D150075FBE6}.Release|x64.ActiveCfg = Release|Any CPU
		{72CBCFB1-FE63-4142-9CFB-2D150075FBE6}.Release|x64.Build.0 = Release|Any CPU
		{72CBCFB1-FE63-4142-9CFB-2D150075FBE6}.Release|x86.ActiveCfg = Release|Any CPU
		{72CBCFB1-FE63-4142-9CFB-2D150075FBE6}.Release|x86.Build.0 = Release|Any CPU
	EndGlobalSection
	GlobalSection(SolutionProperties) = preSolution
		HideSolutionNode = FALSE
	EndGlobalSection
	GlobalSection(ExtensibilityGlobals) = postSolution
		SolutionGuid = {ECD0713C-B566-4361-AA59-906C38FC0EBB}
	EndGlobalSection
EndGlobal
